
Microsoft Visual Studio Solution File, Format Version 12.00
# Visual Studio 15
VisualStudioVersion = 15.0.28307.489
MinimumVisualStudioVersion = 10.0.40219.1
Project("{8BC9CEB8-8B4A-11D0-8D11-00A0C91BC942}") = "Matrix", "Matrix\Matrix.vcxproj", "{22E5A51D-4F6A-4491-BDB2-4CF7E707F3D6}"
EndProject
Global
	GlobalSection(SolutionConfigurationPlatforms) = preSolution
		Debug|x64 = Debug|x64
		Debug|x86 = Debug|x86
		Release|x64 = Release|x64
		Release|x86 = Release|x86
	EndGlobalSection
	GlobalSection(ProjectConfigurationPlatforms) = postSolution
		{22E5A51D-4F6A-4491-BDB2-4CF7E707F3D6}.Debug|x64.ActiveCfg = Debug|x64
		{22E5A51D-4F6A-4491-BDB2-4CF7E707F3D6}.Debug|x64.Build.0 = Debug|x64
		{22E5A51D-4F6A-4491-BDB2-4CF7E707F3D6}.Debug|x86.ActiveCfg = Debug|Win32
		{22E5A51D-4F6A-4491-BDB2-4CF7E707F3D6}.Debug|x86.Build.0 = Debug|Win32
		{22E5A51D-4F6A-4491-BDB2-4CF7E707F3D6}.Release|x64.ActiveCfg = Release|x64
		{22E5A51D-4F6A-4491-BDB2-4CF7E707F3D6}.Release|x64.Build.0 = Release|x64
		{22E5A51D-4F6A-4491-BDB2-4CF7E707F3D6}.Release|x86.ActiveCfg = Release|Win32
		{22E5A51D-4F6A-4491-BDB2-4CF7E707F3D6}.Release|x86.Build.0 = Release|Win32
	EndGlobalSection
	GlobalSection(SolutionProperties) = preSolution
		HideSolutionNode = FALSE
	EndGlobalSection
	GlobalSection(ExtensibilityGlobals) = postSolution
		SolutionGuid = {E17A0D90-4BD8-474E-A51E-BF9CA7FC275B}
	EndGlobalSection
EndGlobal
